// !$*UTF8*$!
{
	archiveVersion = 1;
	classes = {
	};
	objectVersion = 56;
	objects = {

/* Begin PBXBuildFile section */
		1049B7F12A63F8BA0021F674 /* Font+.swift in Sources */ = {isa = PBXBuildFile; fileRef = 1049B7F02A63F8BA0021F674 /* Font+.swift */; };
		1049B7F32A63F8FF0021F674 /* UIScreen+.swift in Sources */ = {isa = PBXBuildFile; fileRef = 1049B7F22A63F8FF0021F674 /* UIScreen+.swift */; };
		1049B7FB2A63FA670021F674 /* CameraButtonView.swift in Sources */ = {isa = PBXBuildFile; fileRef = 1049B7FA2A63FA670021F674 /* CameraButtonView.swift */; };
		105F5DD92A68FFFE002E34CD /* MainModel.swift in Sources */ = {isa = PBXBuildFile; fileRef = 105F5DD82A68FFFE002E34CD /* MainModel.swift */; };
		106475182A6529E40092FE5B /* MainView.swift in Sources */ = {isa = PBXBuildFile; fileRef = 106475172A6529E40092FE5B /* MainView.swift */; };
		1064751A2A65331D0092FE5B /* NoAlbumLayout.swift in Sources */ = {isa = PBXBuildFile; fileRef = 106475192A65331D0092FE5B /* NoAlbumLayout.swift */; };
		1064751C2A6534FC0092FE5B /* MainViewModel.swift in Sources */ = {isa = PBXBuildFile; fileRef = 1064751B2A6534FC0092FE5B /* MainViewModel.swift */; };
		106475212A6536D70092FE5B /* AlbumLayout.swift in Sources */ = {isa = PBXBuildFile; fileRef = 106475202A6536D70092FE5B /* AlbumLayout.swift */; };
		106475242A6537FD0092FE5B /* TravelLabel.swift in Sources */ = {isa = PBXBuildFile; fileRef = 106475232A6537FD0092FE5B /* TravelLabel.swift */; };
		106475262A6539E40092FE5B /* PlusPerson.swift in Sources */ = {isa = PBXBuildFile; fileRef = 106475252A6539E40092FE5B /* PlusPerson.swift */; };
		106475282A653A1D0092FE5B /* Person.swift in Sources */ = {isa = PBXBuildFile; fileRef = 106475272A653A1D0092FE5B /* Person.swift */; };
		1064752A2A65691E0092FE5B /* TapePicture.swift in Sources */ = {isa = PBXBuildFile; fileRef = 106475292A65691E0092FE5B /* TapePicture.swift */; };
		1064752C2A656A170092FE5B /* DoneTravelLayout.swift in Sources */ = {isa = PBXBuildFile; fileRef = 1064752B2A656A170092FE5B /* DoneTravelLayout.swift */; };
		1064752E2A656BB20092FE5B /* RecommendLayout.swift in Sources */ = {isa = PBXBuildFile; fileRef = 1064752D2A656BB20092FE5B /* RecommendLayout.swift */; };
		106475302A656DFB0092FE5B /* BeforeTravelLayout.swift in Sources */ = {isa = PBXBuildFile; fileRef = 1064752F2A656DFB0092FE5B /* BeforeTravelLayout.swift */; };
		10CB96D42A63FDF000C08DBC /* FeatureButton.swift in Sources */ = {isa = PBXBuildFile; fileRef = 10CB96D32A63FDF000C08DBC /* FeatureButton.swift */; };
		10CB96D62A63FF7800C08DBC /* CameraViewModel.swift in Sources */ = {isa = PBXBuildFile; fileRef = 10CB96D52A63FF7800C08DBC /* CameraViewModel.swift */; };
		10CB96D82A64028C00C08DBC /* WriteTextView.swift in Sources */ = {isa = PBXBuildFile; fileRef = 10CB96D72A64028C00C08DBC /* WriteTextView.swift */; };
		10CB96DA2A6403D600C08DBC /* EditView.swift in Sources */ = {isa = PBXBuildFile; fileRef = 10CB96D92A6403D600C08DBC /* EditView.swift */; };
		10CB96DC2A64042A00C08DBC /* RoleView.swift in Sources */ = {isa = PBXBuildFile; fileRef = 10CB96DB2A64042A00C08DBC /* RoleView.swift */; };
		10CB96DE2A64044000C08DBC /* RoleButton.swift in Sources */ = {isa = PBXBuildFile; fileRef = 10CB96DD2A64044000C08DBC /* RoleButton.swift */; };
		10CC160D2A64452300B27955 /* Buttons.swift in Sources */ = {isa = PBXBuildFile; fileRef = 10CC160C2A64452300B27955 /* Buttons.swift */; };
		65264BDC2A67C7BD009963E6 /* String+.swift in Sources */ = {isa = PBXBuildFile; fileRef = 65264BDB2A67C7BD009963E6 /* String+.swift */; };
		6556C3ED2A68FEFD00B4EEE1 /* MultiInvitationView.swift in Sources */ = {isa = PBXBuildFile; fileRef = 6556C3EC2A68FEFD00B4EEE1 /* MultiInvitationView.swift */; };
		6556C3EF2A68FF0C00B4EEE1 /* TwoInvitationView.swift in Sources */ = {isa = PBXBuildFile; fileRef = 6556C3EE2A68FF0C00B4EEE1 /* TwoInvitationView.swift */; };
		6556C3F52A6A509E00B4EEE1 /* AuthViewModel.swift in Sources */ = {isa = PBXBuildFile; fileRef = 6556C3F42A6A509E00B4EEE1 /* AuthViewModel.swift */; };
		6556C3F72A6BA82B00B4EEE1 /* View+.swift in Sources */ = {isa = PBXBuildFile; fileRef = 6556C3F62A6BA82B00B4EEE1 /* View+.swift */; };
		65C076872A56F949003E6D92 /* YeowooApp.swift in Sources */ = {isa = PBXBuildFile; fileRef = 65C076862A56F949003E6D92 /* YeowooApp.swift */; };
		65C076892A56F949003E6D92 /* ContentView.swift in Sources */ = {isa = PBXBuildFile; fileRef = 65C076882A56F949003E6D92 /* ContentView.swift */; };
		65C0768B2A56F94B003E6D92 /* Assets.xcassets in Resources */ = {isa = PBXBuildFile; fileRef = 65C0768A2A56F94B003E6D92 /* Assets.xcassets */; };
		65C0768E2A56F94B003E6D92 /* Preview Assets.xcassets in Resources */ = {isa = PBXBuildFile; fileRef = 65C0768D2A56F94B003E6D92 /* Preview Assets.xcassets */; };
		65C076982A56F94B003E6D92 /* YeowooTests.swift in Sources */ = {isa = PBXBuildFile; fileRef = 65C076972A56F94B003E6D92 /* YeowooTests.swift */; };
		65C076A22A56F94B003E6D92 /* YeowooUITests.swift in Sources */ = {isa = PBXBuildFile; fileRef = 65C076A12A56F94B003E6D92 /* YeowooUITests.swift */; };
		65C076A42A56F94B003E6D92 /* YeowooUITestsLaunchTests.swift in Sources */ = {isa = PBXBuildFile; fileRef = 65C076A32A56F94B003E6D92 /* YeowooUITestsLaunchTests.swift */; };
		65C076BB2A571151003E6D92 /* FirebaseAuth in Frameworks */ = {isa = PBXBuildFile; productRef = 65C076BA2A571151003E6D92 /* FirebaseAuth */; };
		65C076BD2A571151003E6D92 /* FirebaseDatabase in Frameworks */ = {isa = PBXBuildFile; productRef = 65C076BC2A571151003E6D92 /* FirebaseDatabase */; };
		65C076BF2A571151003E6D92 /* FirebaseDatabaseSwift in Frameworks */ = {isa = PBXBuildFile; productRef = 65C076BE2A571151003E6D92 /* FirebaseDatabaseSwift */; };
		65C076C12A571151003E6D92 /* FirebaseDynamicLinks in Frameworks */ = {isa = PBXBuildFile; productRef = 65C076C02A571151003E6D92 /* FirebaseDynamicLinks */; };
		65C076C32A571151003E6D92 /* FirebaseFirestore in Frameworks */ = {isa = PBXBuildFile; productRef = 65C076C22A571151003E6D92 /* FirebaseFirestore */; };
		65C076C52A571151003E6D92 /* FirebaseFirestoreSwift in Frameworks */ = {isa = PBXBuildFile; productRef = 65C076C42A571151003E6D92 /* FirebaseFirestoreSwift */; };
		65C076C72A571151003E6D92 /* FirebaseFunctions in Frameworks */ = {isa = PBXBuildFile; productRef = 65C076C62A571151003E6D92 /* FirebaseFunctions */; };
		65C076C92A571151003E6D92 /* FirebaseMessaging in Frameworks */ = {isa = PBXBuildFile; productRef = 65C076C82A571151003E6D92 /* FirebaseMessaging */; };
		65C076CB2A571151003E6D92 /* FirebaseStorage in Frameworks */ = {isa = PBXBuildFile; productRef = 65C076CA2A571151003E6D92 /* FirebaseStorage */; };
		65C076FD2A5A7F1F003E6D92 /* FirebaseError.swift in Sources */ = {isa = PBXBuildFile; fileRef = 65C076FC2A5A7F1F003E6D92 /* FirebaseError.swift */; };
		65C076FF2A5A7F2A003E6D92 /* FirebaseService.swift in Sources */ = {isa = PBXBuildFile; fileRef = 65C076FE2A5A7F2A003E6D92 /* FirebaseService.swift */; };
		65C0770D2A5BD443003E6D92 /* GoogleService-Info.plist in Resources */ = {isa = PBXBuildFile; fileRef = 65C0770C2A5BD443003E6D92 /* GoogleService-Info.plist */; };
		65C0770F2A5BDACF003E6D92 /* User.swift in Sources */ = {isa = PBXBuildFile; fileRef = 65C0770E2A5BDACF003E6D92 /* User.swift */; };
		65C077152A5BF322003E6D92 /* KeyChainManager.swift in Sources */ = {isa = PBXBuildFile; fileRef = 65C077142A5BF322003E6D92 /* KeyChainManager.swift */; };
		65C077172A5BF4A7003E6D92 /* KeyChainAccount.swift in Sources */ = {isa = PBXBuildFile; fileRef = 65C077162A5BF4A7003E6D92 /* KeyChainAccount.swift */; };
		65C077192A5BF4C7003E6D92 /* KeyChainError.swift in Sources */ = {isa = PBXBuildFile; fileRef = 65C077182A5BF4C7003E6D92 /* KeyChainError.swift */; };
		65C077342A5FE55B003E6D92 /* AppDelegate.swift in Sources */ = {isa = PBXBuildFile; fileRef = 65C077332A5FE55B003E6D92 /* AppDelegate.swift */; };
		65C077372A5FF248003E6D92 /* UserDefaultsSetting.swift in Sources */ = {isa = PBXBuildFile; fileRef = 65C077362A5FF247003E6D92 /* UserDefaultsSetting.swift */; };
		65C077392A5FF255003E6D92 /* UserDefaultsWrapper.swift in Sources */ = {isa = PBXBuildFile; fileRef = 65C077382A5FF255003E6D92 /* UserDefaultsWrapper.swift */; };
		65C0773E2A611763003E6D92 /* AlbumFeedView.swift in Sources */ = {isa = PBXBuildFile; fileRef = 65C0773D2A611763003E6D92 /* AlbumFeedView.swift */; };
		65C077472A611D29003E6D92 /* FirstFeedLayout.swift in Sources */ = {isa = PBXBuildFile; fileRef = 65C077462A611D29003E6D92 /* FirstFeedLayout.swift */; };
		65C0774B2A611D46003E6D92 /* SecondFeedLayout.swift in Sources */ = {isa = PBXBuildFile; fileRef = 65C0774A2A611D46003E6D92 /* SecondFeedLayout.swift */; };
		65C0774D2A612C92003E6D92 /* Album.swift in Sources */ = {isa = PBXBuildFile; fileRef = 65C0774C2A612C92003E6D92 /* Album.swift */; };
		65C0774F2A612EF5003E6D92 /* AlbumViewModel.swift in Sources */ = {isa = PBXBuildFile; fileRef = 65C0774E2A612EF5003E6D92 /* AlbumViewModel.swift */; };
		65C077512A616874003E6D92 /* GalleryLayout.swift in Sources */ = {isa = PBXBuildFile; fileRef = 65C077502A616874003E6D92 /* GalleryLayout.swift */; };
		65C077532A640CF9003E6D92 /* AlbumDetailView.swift in Sources */ = {isa = PBXBuildFile; fileRef = 65C077522A640CF9003E6D92 /* AlbumDetailView.swift */; };
		D5A77DDF2A66AA1D000D8F4E /* TextFieldModifier.swift in Sources */ = {isa = PBXBuildFile; fileRef = D5A77DDE2A66AA1D000D8F4E /* TextFieldModifier.swift */; };
		D5A77DE12A66AA2D000D8F4E /* Font.swift in Sources */ = {isa = PBXBuildFile; fileRef = D5A77DE02A66AA2D000D8F4E /* Font.swift */; };
		D5A77DE32A66AA45000D8F4E /* CardViewModifier.swift in Sources */ = {isa = PBXBuildFile; fileRef = D5A77DE22A66AA45000D8F4E /* CardViewModifier.swift */; };
		D5A77DE52A66AA6C000D8F4E /* EditProfileRowView.swift in Sources */ = {isa = PBXBuildFile; fileRef = D5A77DE42A66AA6C000D8F4E /* EditProfileRowView.swift */; };
		D5A77DE72A66AA7E000D8F4E /* FoxCardView.swift in Sources */ = {isa = PBXBuildFile; fileRef = D5A77DE62A66AA7E000D8F4E /* FoxCardView.swift */; };
		D5A77DE92A66AA93000D8F4E /* BackToolBarModifier.swift in Sources */ = {isa = PBXBuildFile; fileRef = D5A77DE82A66AA93000D8F4E /* BackToolBarModifier.swift */; };
		D5A77DED2A66AAC0000D8F4E /* GrayTitleMakingView.swift in Sources */ = {isa = PBXBuildFile; fileRef = D5A77DEC2A66AAC0000D8F4E /* GrayTitleMakingView.swift */; };
		D5A77DEF2A66AAD4000D8F4E /* FindFriendContents.swift in Sources */ = {isa = PBXBuildFile; fileRef = D5A77DEE2A66AAD4000D8F4E /* FindFriendContents.swift */; };
		D5A77DF12A66AAEB000D8F4E /* ColorModel.swift in Sources */ = {isa = PBXBuildFile; fileRef = D5A77DF02A66AAEB000D8F4E /* ColorModel.swift */; };
		D5A77DF32A66AAFD000D8F4E /* ScreenModel.swift in Sources */ = {isa = PBXBuildFile; fileRef = D5A77DF22A66AAFD000D8F4E /* ScreenModel.swift */; };
		D5A77DF62A66AB26000D8F4E /* SubUser.swift in Sources */ = {isa = PBXBuildFile; fileRef = D5A77DF52A66AB26000D8F4E /* SubUser.swift */; };
		D5A77DF82A66AB39000D8F4E /* Fox.swift in Sources */ = {isa = PBXBuildFile; fileRef = D5A77DF72A66AB39000D8F4E /* Fox.swift */; };
		D5A77DFA2A66AB47000D8F4E /* Travel.swift in Sources */ = {isa = PBXBuildFile; fileRef = D5A77DF92A66AB47000D8F4E /* Travel.swift */; };
		D5A77E012A66AC6B000D8F4E /* SettingView.swift in Sources */ = {isa = PBXBuildFile; fileRef = D5A77E002A66AC6B000D8F4E /* SettingView.swift */; };
		D5A77E032A66ACE7000D8F4E /* ProfileSettingView.swift in Sources */ = {isa = PBXBuildFile; fileRef = D5A77E022A66ACE7000D8F4E /* ProfileSettingView.swift */; };
		D5A77E052A66ACFD000D8F4E /* DemoMainView.swift in Sources */ = {isa = PBXBuildFile; fileRef = D5A77E042A66ACFD000D8F4E /* DemoMainView.swift */; };
		D5A77E092A66AD1D000D8F4E /* RoleSelectView.swift in Sources */ = {isa = PBXBuildFile; fileRef = D5A77E082A66AD1D000D8F4E /* RoleSelectView.swift */; };
		D5A77E0B2A66AD2D000D8F4E /* RoleChangeView.swift in Sources */ = {isa = PBXBuildFile; fileRef = D5A77E0A2A66AD2D000D8F4E /* RoleChangeView.swift */; };
		D5A77E0D2A66AD40000D8F4E /* NotificationView.swift in Sources */ = {isa = PBXBuildFile; fileRef = D5A77E0C2A66AD40000D8F4E /* NotificationView.swift */; };
		D5A77E0F2A66AD86000D8F4E /* NoticardView.swift in Sources */ = {isa = PBXBuildFile; fileRef = D5A77E0E2A66AD86000D8F4E /* NoticardView.swift */; };
		D5A77E112A66AD97000D8F4E /* EmptyNotificationView.swift in Sources */ = {isa = PBXBuildFile; fileRef = D5A77E102A66AD97000D8F4E /* EmptyNotificationView.swift */; };
		D5A77E132A66ADA9000D8F4E /* NewAlbumView.swift in Sources */ = {isa = PBXBuildFile; fileRef = D5A77E122A66ADA9000D8F4E /* NewAlbumView.swift */; };
		D5A77E152A66ADBD000D8F4E /* AlbumRoleSelectView.swift in Sources */ = {isa = PBXBuildFile; fileRef = D5A77E142A66ADBD000D8F4E /* AlbumRoleSelectView.swift */; };
		D5A77E172A66ADCD000D8F4E /* FindFriendView.swift in Sources */ = {isa = PBXBuildFile; fileRef = D5A77E162A66ADCD000D8F4E /* FindFriendView.swift */; };
		D5A77E192A66B696000D8F4E /* InvitationView.swift in Sources */ = {isa = PBXBuildFile; fileRef = D5A77E182A66B696000D8F4E /* InvitationView.swift */; };
		D5A77E1B2A66B6ED000D8F4E /* NotiCardContentsView.swift in Sources */ = {isa = PBXBuildFile; fileRef = D5A77E1A2A66B6ED000D8F4E /* NotiCardContentsView.swift */; };
		F33453742A645F8A0031A22C /* SignUpView.swift in Sources */ = {isa = PBXBuildFile; fileRef = F33453732A645F8A0031A22C /* SignUpView.swift */; };
		F37DA9A22A63C1D70020603E /* LoginView.swift in Sources */ = {isa = PBXBuildFile; fileRef = F37DA9A12A63C1D70020603E /* LoginView.swift */; };
		F37DA9A42A63C2180020603E /* LoginCoverView.swift in Sources */ = {isa = PBXBuildFile; fileRef = F37DA9A32A63C2180020603E /* LoginCoverView.swift */; };
/* End PBXBuildFile section */

/* Begin PBXContainerItemProxy section */
		65C076942A56F94B003E6D92 /* PBXContainerItemProxy */ = {
			isa = PBXContainerItemProxy;
			containerPortal = 65C0767B2A56F949003E6D92 /* Project object */;
			proxyType = 1;
			remoteGlobalIDString = 65C076822A56F949003E6D92;
			remoteInfo = Yeowoo;
		};
		65C0769E2A56F94B003E6D92 /* PBXContainerItemProxy */ = {
			isa = PBXContainerItemProxy;
			containerPortal = 65C0767B2A56F949003E6D92 /* Project object */;
			proxyType = 1;
			remoteGlobalIDString = 65C076822A56F949003E6D92;
			remoteInfo = Yeowoo;
		};
/* End PBXContainerItemProxy section */

/* Begin PBXFileReference section */
		1049B7F02A63F8BA0021F674 /* Font+.swift */ = {isa = PBXFileReference; lastKnownFileType = sourcecode.swift; path = "Font+.swift"; sourceTree = "<group>"; };
		1049B7F22A63F8FF0021F674 /* UIScreen+.swift */ = {isa = PBXFileReference; lastKnownFileType = sourcecode.swift; path = "UIScreen+.swift"; sourceTree = "<group>"; };
		1049B7FA2A63FA670021F674 /* CameraButtonView.swift */ = {isa = PBXFileReference; lastKnownFileType = sourcecode.swift; path = CameraButtonView.swift; sourceTree = "<group>"; };
		105F5DD82A68FFFE002E34CD /* MainModel.swift */ = {isa = PBXFileReference; lastKnownFileType = sourcecode.swift; path = MainModel.swift; sourceTree = "<group>"; };
		106475172A6529E40092FE5B /* MainView.swift */ = {isa = PBXFileReference; lastKnownFileType = sourcecode.swift; path = MainView.swift; sourceTree = "<group>"; };
		106475192A65331D0092FE5B /* NoAlbumLayout.swift */ = {isa = PBXFileReference; lastKnownFileType = sourcecode.swift; path = NoAlbumLayout.swift; sourceTree = "<group>"; };
		1064751B2A6534FC0092FE5B /* MainViewModel.swift */ = {isa = PBXFileReference; lastKnownFileType = sourcecode.swift; path = MainViewModel.swift; sourceTree = "<group>"; };
		106475202A6536D70092FE5B /* AlbumLayout.swift */ = {isa = PBXFileReference; lastKnownFileType = sourcecode.swift; path = AlbumLayout.swift; sourceTree = "<group>"; };
		106475232A6537FD0092FE5B /* TravelLabel.swift */ = {isa = PBXFileReference; lastKnownFileType = sourcecode.swift; path = TravelLabel.swift; sourceTree = "<group>"; };
		106475252A6539E40092FE5B /* PlusPerson.swift */ = {isa = PBXFileReference; lastKnownFileType = sourcecode.swift; path = PlusPerson.swift; sourceTree = "<group>"; };
		106475272A653A1D0092FE5B /* Person.swift */ = {isa = PBXFileReference; lastKnownFileType = sourcecode.swift; path = Person.swift; sourceTree = "<group>"; };
		106475292A65691E0092FE5B /* TapePicture.swift */ = {isa = PBXFileReference; lastKnownFileType = sourcecode.swift; path = TapePicture.swift; sourceTree = "<group>"; };
		1064752B2A656A170092FE5B /* DoneTravelLayout.swift */ = {isa = PBXFileReference; lastKnownFileType = sourcecode.swift; path = DoneTravelLayout.swift; sourceTree = "<group>"; };
		1064752D2A656BB20092FE5B /* RecommendLayout.swift */ = {isa = PBXFileReference; lastKnownFileType = sourcecode.swift; path = RecommendLayout.swift; sourceTree = "<group>"; };
		1064752F2A656DFB0092FE5B /* BeforeTravelLayout.swift */ = {isa = PBXFileReference; lastKnownFileType = sourcecode.swift; path = BeforeTravelLayout.swift; sourceTree = "<group>"; };
		10CB96D32A63FDF000C08DBC /* FeatureButton.swift */ = {isa = PBXFileReference; lastKnownFileType = sourcecode.swift; path = FeatureButton.swift; sourceTree = "<group>"; };
		10CB96D52A63FF7800C08DBC /* CameraViewModel.swift */ = {isa = PBXFileReference; lastKnownFileType = sourcecode.swift; path = CameraViewModel.swift; sourceTree = "<group>"; };
		10CB96D72A64028C00C08DBC /* WriteTextView.swift */ = {isa = PBXFileReference; lastKnownFileType = sourcecode.swift; path = WriteTextView.swift; sourceTree = "<group>"; };
		10CB96D92A6403D600C08DBC /* EditView.swift */ = {isa = PBXFileReference; lastKnownFileType = sourcecode.swift; path = EditView.swift; sourceTree = "<group>"; };
		10CB96DB2A64042A00C08DBC /* RoleView.swift */ = {isa = PBXFileReference; lastKnownFileType = sourcecode.swift; path = RoleView.swift; sourceTree = "<group>"; };
		10CB96DD2A64044000C08DBC /* RoleButton.swift */ = {isa = PBXFileReference; lastKnownFileType = sourcecode.swift; path = RoleButton.swift; sourceTree = "<group>"; };
		10CC160C2A64452300B27955 /* Buttons.swift */ = {isa = PBXFileReference; lastKnownFileType = sourcecode.swift; path = Buttons.swift; sourceTree = "<group>"; };
		65264BDB2A67C7BD009963E6 /* String+.swift */ = {isa = PBXFileReference; lastKnownFileType = sourcecode.swift; path = "String+.swift"; sourceTree = "<group>"; };
		6556C3EC2A68FEFD00B4EEE1 /* MultiInvitationView.swift */ = {isa = PBXFileReference; lastKnownFileType = sourcecode.swift; path = MultiInvitationView.swift; sourceTree = "<group>"; };
		6556C3EE2A68FF0C00B4EEE1 /* TwoInvitationView.swift */ = {isa = PBXFileReference; lastKnownFileType = sourcecode.swift; path = TwoInvitationView.swift; sourceTree = "<group>"; };
		6556C3F42A6A509E00B4EEE1 /* AuthViewModel.swift */ = {isa = PBXFileReference; lastKnownFileType = sourcecode.swift; path = AuthViewModel.swift; sourceTree = "<group>"; };
		6556C3F62A6BA82B00B4EEE1 /* View+.swift */ = {isa = PBXFileReference; lastKnownFileType = sourcecode.swift; path = "View+.swift"; sourceTree = "<group>"; };
		65C076832A56F949003E6D92 /* Yeowoo.app */ = {isa = PBXFileReference; explicitFileType = wrapper.application; includeInIndex = 0; path = Yeowoo.app; sourceTree = BUILT_PRODUCTS_DIR; };
		65C076862A56F949003E6D92 /* YeowooApp.swift */ = {isa = PBXFileReference; lastKnownFileType = sourcecode.swift; path = YeowooApp.swift; sourceTree = "<group>"; };
		65C076882A56F949003E6D92 /* ContentView.swift */ = {isa = PBXFileReference; lastKnownFileType = sourcecode.swift; path = ContentView.swift; sourceTree = "<group>"; };
		65C0768A2A56F94B003E6D92 /* Assets.xcassets */ = {isa = PBXFileReference; lastKnownFileType = folder.assetcatalog; path = Assets.xcassets; sourceTree = "<group>"; };
		65C0768D2A56F94B003E6D92 /* Preview Assets.xcassets */ = {isa = PBXFileReference; lastKnownFileType = folder.assetcatalog; path = "Preview Assets.xcassets"; sourceTree = "<group>"; };
		65C076932A56F94B003E6D92 /* YeowooTests.xctest */ = {isa = PBXFileReference; explicitFileType = wrapper.cfbundle; includeInIndex = 0; path = YeowooTests.xctest; sourceTree = BUILT_PRODUCTS_DIR; };
		65C076972A56F94B003E6D92 /* YeowooTests.swift */ = {isa = PBXFileReference; lastKnownFileType = sourcecode.swift; path = YeowooTests.swift; sourceTree = "<group>"; };
		65C0769D2A56F94B003E6D92 /* YeowooUITests.xctest */ = {isa = PBXFileReference; explicitFileType = wrapper.cfbundle; includeInIndex = 0; path = YeowooUITests.xctest; sourceTree = BUILT_PRODUCTS_DIR; };
		65C076A12A56F94B003E6D92 /* YeowooUITests.swift */ = {isa = PBXFileReference; lastKnownFileType = sourcecode.swift; path = YeowooUITests.swift; sourceTree = "<group>"; };
		65C076A32A56F94B003E6D92 /* YeowooUITestsLaunchTests.swift */ = {isa = PBXFileReference; lastKnownFileType = sourcecode.swift; path = YeowooUITestsLaunchTests.swift; sourceTree = "<group>"; };
		65C076CC2A57148B003E6D92 /* Info.plist */ = {isa = PBXFileReference; lastKnownFileType = text.plist; path = Info.plist; sourceTree = "<group>"; };
		65C076FC2A5A7F1F003E6D92 /* FirebaseError.swift */ = {isa = PBXFileReference; lastKnownFileType = sourcecode.swift; path = FirebaseError.swift; sourceTree = "<group>"; };
		65C076FE2A5A7F2A003E6D92 /* FirebaseService.swift */ = {isa = PBXFileReference; lastKnownFileType = sourcecode.swift; path = FirebaseService.swift; sourceTree = "<group>"; };
		65C0770C2A5BD443003E6D92 /* GoogleService-Info.plist */ = {isa = PBXFileReference; fileEncoding = 4; lastKnownFileType = text.plist.xml; path = "GoogleService-Info.plist"; sourceTree = "<group>"; };
		65C0770E2A5BDACF003E6D92 /* User.swift */ = {isa = PBXFileReference; lastKnownFileType = sourcecode.swift; path = User.swift; sourceTree = "<group>"; };
		65C077142A5BF322003E6D92 /* KeyChainManager.swift */ = {isa = PBXFileReference; lastKnownFileType = sourcecode.swift; path = KeyChainManager.swift; sourceTree = "<group>"; };
		65C077162A5BF4A7003E6D92 /* KeyChainAccount.swift */ = {isa = PBXFileReference; lastKnownFileType = sourcecode.swift; path = KeyChainAccount.swift; sourceTree = "<group>"; };
		65C077182A5BF4C7003E6D92 /* KeyChainError.swift */ = {isa = PBXFileReference; lastKnownFileType = sourcecode.swift; path = KeyChainError.swift; sourceTree = "<group>"; };
		65C077322A5FBF17003E6D92 /* Yeowoo.entitlements */ = {isa = PBXFileReference; lastKnownFileType = text.plist.entitlements; path = Yeowoo.entitlements; sourceTree = "<group>"; };
		65C077332A5FE55B003E6D92 /* AppDelegate.swift */ = {isa = PBXFileReference; lastKnownFileType = sourcecode.swift; path = AppDelegate.swift; sourceTree = "<group>"; };
		65C077362A5FF247003E6D92 /* UserDefaultsSetting.swift */ = {isa = PBXFileReference; lastKnownFileType = sourcecode.swift; path = UserDefaultsSetting.swift; sourceTree = "<group>"; };
		65C077382A5FF255003E6D92 /* UserDefaultsWrapper.swift */ = {isa = PBXFileReference; lastKnownFileType = sourcecode.swift; path = UserDefaultsWrapper.swift; sourceTree = "<group>"; };
		65C0773D2A611763003E6D92 /* AlbumFeedView.swift */ = {isa = PBXFileReference; lastKnownFileType = sourcecode.swift; path = AlbumFeedView.swift; sourceTree = "<group>"; };
		65C077462A611D29003E6D92 /* FirstFeedLayout.swift */ = {isa = PBXFileReference; lastKnownFileType = sourcecode.swift; path = FirstFeedLayout.swift; sourceTree = "<group>"; };
		65C0774A2A611D46003E6D92 /* SecondFeedLayout.swift */ = {isa = PBXFileReference; lastKnownFileType = sourcecode.swift; path = SecondFeedLayout.swift; sourceTree = "<group>"; };
		65C0774C2A612C92003E6D92 /* Album.swift */ = {isa = PBXFileReference; lastKnownFileType = sourcecode.swift; path = Album.swift; sourceTree = "<group>"; };
		65C0774E2A612EF5003E6D92 /* AlbumViewModel.swift */ = {isa = PBXFileReference; lastKnownFileType = sourcecode.swift; path = AlbumViewModel.swift; sourceTree = "<group>"; };
		65C077502A616874003E6D92 /* GalleryLayout.swift */ = {isa = PBXFileReference; lastKnownFileType = sourcecode.swift; path = GalleryLayout.swift; sourceTree = "<group>"; };
		65C077522A640CF9003E6D92 /* AlbumDetailView.swift */ = {isa = PBXFileReference; lastKnownFileType = sourcecode.swift; path = AlbumDetailView.swift; sourceTree = "<group>"; };
		D575D8292A67EB760036BE7D /* NotiView.swift */ = {isa = PBXFileReference; lastKnownFileType = sourcecode.swift; path = NotiView.swift; sourceTree = "<group>"; };
		D5A77DDE2A66AA1D000D8F4E /* TextFieldModifier.swift */ = {isa = PBXFileReference; lastKnownFileType = sourcecode.swift; path = TextFieldModifier.swift; sourceTree = "<group>"; };
		D5A77DE02A66AA2D000D8F4E /* Font.swift */ = {isa = PBXFileReference; lastKnownFileType = sourcecode.swift; path = Font.swift; sourceTree = "<group>"; };
		D5A77DE22A66AA45000D8F4E /* CardViewModifier.swift */ = {isa = PBXFileReference; lastKnownFileType = sourcecode.swift; path = CardViewModifier.swift; sourceTree = "<group>"; };
		D5A77DE42A66AA6C000D8F4E /* EditProfileRowView.swift */ = {isa = PBXFileReference; lastKnownFileType = sourcecode.swift; path = EditProfileRowView.swift; sourceTree = "<group>"; };
		D5A77DE62A66AA7E000D8F4E /* FoxCardView.swift */ = {isa = PBXFileReference; lastKnownFileType = sourcecode.swift; path = FoxCardView.swift; sourceTree = "<group>"; };
		D5A77DE82A66AA93000D8F4E /* BackToolBarModifier.swift */ = {isa = PBXFileReference; lastKnownFileType = sourcecode.swift; path = BackToolBarModifier.swift; sourceTree = "<group>"; };
		D5A77DEC2A66AAC0000D8F4E /* GrayTitleMakingView.swift */ = {isa = PBXFileReference; lastKnownFileType = sourcecode.swift; path = GrayTitleMakingView.swift; sourceTree = "<group>"; };
		D5A77DEE2A66AAD4000D8F4E /* FindFriendContents.swift */ = {isa = PBXFileReference; lastKnownFileType = sourcecode.swift; path = FindFriendContents.swift; sourceTree = "<group>"; };
		D5A77DF02A66AAEB000D8F4E /* ColorModel.swift */ = {isa = PBXFileReference; lastKnownFileType = sourcecode.swift; path = ColorModel.swift; sourceTree = "<group>"; };
		D5A77DF22A66AAFD000D8F4E /* ScreenModel.swift */ = {isa = PBXFileReference; lastKnownFileType = sourcecode.swift; path = ScreenModel.swift; sourceTree = "<group>"; };
		D5A77DF52A66AB26000D8F4E /* SubUser.swift */ = {isa = PBXFileReference; lastKnownFileType = sourcecode.swift; path = SubUser.swift; sourceTree = "<group>"; };
		D5A77DF72A66AB39000D8F4E /* Fox.swift */ = {isa = PBXFileReference; lastKnownFileType = sourcecode.swift; path = Fox.swift; sourceTree = "<group>"; };
		D5A77DF92A66AB47000D8F4E /* Travel.swift */ = {isa = PBXFileReference; lastKnownFileType = sourcecode.swift; path = Travel.swift; sourceTree = "<group>"; };
		D5A77E002A66AC6B000D8F4E /* SettingView.swift */ = {isa = PBXFileReference; lastKnownFileType = sourcecode.swift; path = SettingView.swift; sourceTree = "<group>"; };
		D5A77E022A66ACE7000D8F4E /* ProfileSettingView.swift */ = {isa = PBXFileReference; lastKnownFileType = sourcecode.swift; path = ProfileSettingView.swift; sourceTree = "<group>"; };
		D5A77E042A66ACFD000D8F4E /* DemoMainView.swift */ = {isa = PBXFileReference; lastKnownFileType = sourcecode.swift; path = DemoMainView.swift; sourceTree = "<group>"; };
		D5A77E082A66AD1D000D8F4E /* RoleSelectView.swift */ = {isa = PBXFileReference; lastKnownFileType = sourcecode.swift; path = RoleSelectView.swift; sourceTree = "<group>"; };
		D5A77E0A2A66AD2D000D8F4E /* RoleChangeView.swift */ = {isa = PBXFileReference; lastKnownFileType = sourcecode.swift; path = RoleChangeView.swift; sourceTree = "<group>"; };
		D5A77E0C2A66AD40000D8F4E /* NotificationView.swift */ = {isa = PBXFileReference; lastKnownFileType = sourcecode.swift; path = NotificationView.swift; sourceTree = "<group>"; };
		D5A77E0E2A66AD86000D8F4E /* NoticardView.swift */ = {isa = PBXFileReference; lastKnownFileType = sourcecode.swift; path = NoticardView.swift; sourceTree = "<group>"; };
		D5A77E102A66AD97000D8F4E /* EmptyNotificationView.swift */ = {isa = PBXFileReference; lastKnownFileType = sourcecode.swift; path = EmptyNotificationView.swift; sourceTree = "<group>"; };
		D5A77E122A66ADA9000D8F4E /* NewAlbumView.swift */ = {isa = PBXFileReference; lastKnownFileType = sourcecode.swift; path = NewAlbumView.swift; sourceTree = "<group>"; };
		D5A77E142A66ADBD000D8F4E /* AlbumRoleSelectView.swift */ = {isa = PBXFileReference; lastKnownFileType = sourcecode.swift; path = AlbumRoleSelectView.swift; sourceTree = "<group>"; };
		D5A77E162A66ADCD000D8F4E /* FindFriendView.swift */ = {isa = PBXFileReference; lastKnownFileType = sourcecode.swift; path = FindFriendView.swift; sourceTree = "<group>"; };
		D5A77E182A66B696000D8F4E /* InvitationView.swift */ = {isa = PBXFileReference; lastKnownFileType = sourcecode.swift; path = InvitationView.swift; sourceTree = "<group>"; };
		D5A77E1A2A66B6ED000D8F4E /* NotiCardContentsView.swift */ = {isa = PBXFileReference; lastKnownFileType = sourcecode.swift; path = NotiCardContentsView.swift; sourceTree = "<group>"; };
		F33453732A645F8A0031A22C /* SignUpView.swift */ = {isa = PBXFileReference; lastKnownFileType = sourcecode.swift; path = SignUpView.swift; sourceTree = "<group>"; };
		F37DA9A12A63C1D70020603E /* LoginView.swift */ = {isa = PBXFileReference; lastKnownFileType = sourcecode.swift; path = LoginView.swift; sourceTree = "<group>"; };
		F37DA9A32A63C2180020603E /* LoginCoverView.swift */ = {isa = PBXFileReference; lastKnownFileType = sourcecode.swift; path = LoginCoverView.swift; sourceTree = "<group>"; };
/* End PBXFileReference section */

/* Begin PBXFrameworksBuildPhase section */
		65C076802A56F949003E6D92 /* Frameworks */ = {
			isa = PBXFrameworksBuildPhase;
			buildActionMask = 2147483647;
			files = (
				65C076C92A571151003E6D92 /* FirebaseMessaging in Frameworks */,
				65C076BF2A571151003E6D92 /* FirebaseDatabaseSwift in Frameworks */,
				65C076CB2A571151003E6D92 /* FirebaseStorage in Frameworks */,
				65C076C72A571151003E6D92 /* FirebaseFunctions in Frameworks */,
				65C076BD2A571151003E6D92 /* FirebaseDatabase in Frameworks */,
				65C076BB2A571151003E6D92 /* FirebaseAuth in Frameworks */,
				65C076C32A571151003E6D92 /* FirebaseFirestore in Frameworks */,
				65C076C12A571151003E6D92 /* FirebaseDynamicLinks in Frameworks */,
				65C076C52A571151003E6D92 /* FirebaseFirestoreSwift in Frameworks */,
			);
			runOnlyForDeploymentPostprocessing = 0;
		};
		65C076902A56F94B003E6D92 /* Frameworks */ = {
			isa = PBXFrameworksBuildPhase;
			buildActionMask = 2147483647;
			files = (
			);
			runOnlyForDeploymentPostprocessing = 0;
		};
		65C0769A2A56F94B003E6D92 /* Frameworks */ = {
			isa = PBXFrameworksBuildPhase;
			buildActionMask = 2147483647;
			files = (
			);
			runOnlyForDeploymentPostprocessing = 0;
		};
/* End PBXFrameworksBuildPhase section */

/* Begin PBXGroup section */
		1049B7EF2A63F8B00021F674 /* Global */ = {
			isa = PBXGroup;
			children = (
				1049B7F02A63F8BA0021F674 /* Font+.swift */,
				1049B7F22A63F8FF0021F674 /* UIScreen+.swift */,
				65264BDB2A67C7BD009963E6 /* String+.swift */,
				6556C3F62A6BA82B00B4EEE1 /* View+.swift */,
			);
			path = Global;
			sourceTree = "<group>";
		};
		1049B7F82A63FA240021F674 /* CameraViews */ = {
			isa = PBXGroup;
			children = (
				10CB96D22A63FDD500C08DBC /* Components */,
				1049B7FA2A63FA670021F674 /* CameraButtonView.swift */,
				10CB96D92A6403D600C08DBC /* EditView.swift */,
				10CB96D72A64028C00C08DBC /* WriteTextView.swift */,
				10CB96DB2A64042A00C08DBC /* RoleView.swift */,
				10CC160C2A64452300B27955 /* Buttons.swift */,
			);
			path = CameraViews;
			sourceTree = "<group>";
		};
		1049B7F92A63FA470021F674 /* CameraViewModel */ = {
			isa = PBXGroup;
			children = (
				10CB96D52A63FF7800C08DBC /* CameraViewModel.swift */,
			);
			path = CameraViewModel;
			sourceTree = "<group>";
		};
		105F5DD62A67C499002E34CD /* Layouts */ = {
			isa = PBXGroup;
			children = (
				106475192A65331D0092FE5B /* NoAlbumLayout.swift */,
				1064752B2A656A170092FE5B /* DoneTravelLayout.swift */,
				1064752D2A656BB20092FE5B /* RecommendLayout.swift */,
				1064752F2A656DFB0092FE5B /* BeforeTravelLayout.swift */,
				106475202A6536D70092FE5B /* AlbumLayout.swift */,
			);
			path = Layouts;
			sourceTree = "<group>";
		};
		105F5DD72A68FFD4002E34CD /* MainModel */ = {
			isa = PBXGroup;
			children = (
				105F5DD82A68FFFE002E34CD /* MainModel.swift */,
			);
			path = MainModel;
			sourceTree = "<group>";
		};
		106475162A6529AE0092FE5B /* Main */ = {
			isa = PBXGroup;
			children = (
				105F5DD62A67C499002E34CD /* Layouts */,
				106475222A6537CF0092FE5B /* Components */,
				106475172A6529E40092FE5B /* MainView.swift */,
			);
			path = Main;
			sourceTree = "<group>";
		};
		1064751D2A6535070092FE5B /* MainViewModel */ = {
			isa = PBXGroup;
			children = (
				1064751B2A6534FC0092FE5B /* MainViewModel.swift */,
			);
			path = MainViewModel;
			sourceTree = "<group>";
		};
		106475222A6537CF0092FE5B /* Components */ = {
			isa = PBXGroup;
			children = (
				106475232A6537FD0092FE5B /* TravelLabel.swift */,
				106475252A6539E40092FE5B /* PlusPerson.swift */,
				106475272A653A1D0092FE5B /* Person.swift */,
				106475292A65691E0092FE5B /* TapePicture.swift */,
			);
			path = Components;
			sourceTree = "<group>";
		};
		10CB96D22A63FDD500C08DBC /* Components */ = {
			isa = PBXGroup;
			children = (
				10CB96D32A63FDF000C08DBC /* FeatureButton.swift */,
				10CB96DD2A64044000C08DBC /* RoleButton.swift */,
			);
			path = Components;
			sourceTree = "<group>";
		};
		6556C3EB2A68FEED00B4EEE1 /* InvitationChildView */ = {
			isa = PBXGroup;
			children = (
				6556C3EC2A68FEFD00B4EEE1 /* MultiInvitationView.swift */,
				6556C3EE2A68FF0C00B4EEE1 /* TwoInvitationView.swift */,
			);
			path = InvitationChildView;
			sourceTree = "<group>";
		};
		6556C3F32A6A505D00B4EEE1 /* Auth */ = {
			isa = PBXGroup;
			children = (
				F37DA9A32A63C2180020603E /* LoginCoverView.swift */,
				F37DA9A12A63C1D70020603E /* LoginView.swift */,
				F33453732A645F8A0031A22C /* SignUpView.swift */,
			);
			path = Auth;
			sourceTree = "<group>";
		};
		65C0767A2A56F949003E6D92 = {
			isa = PBXGroup;
			children = (
				65C076852A56F949003E6D92 /* Yeowoo */,
				65C076962A56F94B003E6D92 /* YeowooTests */,
				65C076A02A56F94B003E6D92 /* YeowooUITests */,
				65C076842A56F949003E6D92 /* Products */,
			);
			sourceTree = "<group>";
		};
		65C076842A56F949003E6D92 /* Products */ = {
			isa = PBXGroup;
			children = (
				65C076832A56F949003E6D92 /* Yeowoo.app */,
				65C076932A56F94B003E6D92 /* YeowooTests.xctest */,
				65C0769D2A56F94B003E6D92 /* YeowooUITests.xctest */,
			);
			name = Products;
			sourceTree = "<group>";
		};
		65C076852A56F949003E6D92 /* Yeowoo */ = {
			isa = PBXGroup;
			children = (
				D5A77DDA2A66A991000D8F4E /* CaesarComponents */,
				65C077322A5FBF17003E6D92 /* Yeowoo.entitlements */,
				65C076B02A5709D8003E6D92 /* Configuration */,
				65C076B12A5709F6003E6D92 /* Infos */,
				65C076B22A5709FE003E6D92 /* Sources */,
				65C076862A56F949003E6D92 /* YeowooApp.swift */,
				65C076CC2A57148B003E6D92 /* Info.plist */,
				65C0768A2A56F94B003E6D92 /* Assets.xcassets */,
				65C0768C2A56F94B003E6D92 /* Preview Content */,
			);
			path = Yeowoo;
			sourceTree = "<group>";
		};
		65C0768C2A56F94B003E6D92 /* Preview Content */ = {
			isa = PBXGroup;
			children = (
				65C0768D2A56F94B003E6D92 /* Preview Assets.xcassets */,
			);
			path = "Preview Content";
			sourceTree = "<group>";
		};
		65C076962A56F94B003E6D92 /* YeowooTests */ = {
			isa = PBXGroup;
			children = (
				65C076972A56F94B003E6D92 /* YeowooTests.swift */,
			);
			path = YeowooTests;
			sourceTree = "<group>";
		};
		65C076A02A56F94B003E6D92 /* YeowooUITests */ = {
			isa = PBXGroup;
			children = (
				65C076A12A56F94B003E6D92 /* YeowooUITests.swift */,
				65C076A32A56F94B003E6D92 /* YeowooUITestsLaunchTests.swift */,
			);
			path = YeowooUITests;
			sourceTree = "<group>";
		};
		65C076B02A5709D8003E6D92 /* Configuration */ = {
			isa = PBXGroup;
			children = (
				65C077332A5FE55B003E6D92 /* AppDelegate.swift */,
			);
			path = Configuration;
			sourceTree = "<group>";
		};
		65C076B12A5709F6003E6D92 /* Infos */ = {
			isa = PBXGroup;
			children = (
				65C0770C2A5BD443003E6D92 /* GoogleService-Info.plist */,
			);
			path = Infos;
			sourceTree = "<group>";
		};
		65C076B22A5709FE003E6D92 /* Sources */ = {
			isa = PBXGroup;
			children = (
				1049B7EF2A63F8B00021F674 /* Global */,
				65C076B32A570A07003E6D92 /* Models */,
				65C076B42A570A11003E6D92 /* Services */,
				65C076B52A570A19003E6D92 /* ViewModels */,
				65C076B62A570A23003E6D92 /* Views */,
				65C076882A56F949003E6D92 /* ContentView.swift */,
			);
			path = Sources;
			sourceTree = "<group>";
		};
		65C076B32A570A07003E6D92 /* Models */ = {
			isa = PBXGroup;
			children = (
				105F5DD72A68FFD4002E34CD /* MainModel */,
				65C0770E2A5BDACF003E6D92 /* User.swift */,
				65C0774C2A612C92003E6D92 /* Album.swift */,
			);
			path = Models;
			sourceTree = "<group>";
		};
		65C076B42A570A11003E6D92 /* Services */ = {
			isa = PBXGroup;
			children = (
				65C077352A5FF232003E6D92 /* UserDefaults */,
				65C077132A5BF2FA003E6D92 /* Firebase */,
				65C077122A5BF2F4003E6D92 /* KeyChain */,
			);
			path = Services;
			sourceTree = "<group>";
		};
		65C076B52A570A19003E6D92 /* ViewModels */ = {
			isa = PBXGroup;
			children = (
				65C0774E2A612EF5003E6D92 /* AlbumViewModel.swift */,
				1064751D2A6535070092FE5B /* MainViewModel */,
				1049B7F92A63FA470021F674 /* CameraViewModel */,
				6556C3F42A6A509E00B4EEE1 /* AuthViewModel.swift */,
			);
			path = ViewModels;
			sourceTree = "<group>";
		};
		65C076B62A570A23003E6D92 /* Views */ = {
			isa = PBXGroup;
			children = (
				6556C3F32A6A505D00B4EEE1 /* Auth */,
				65C0773A2A611521003E6D92 /* Album */,
				106475162A6529AE0092FE5B /* Main */,
				1049B7F82A63FA240021F674 /* CameraViews */,
			);
			path = Views;
			sourceTree = "<group>";
		};
		65C077122A5BF2F4003E6D92 /* KeyChain */ = {
			isa = PBXGroup;
			children = (
				65C077142A5BF322003E6D92 /* KeyChainManager.swift */,
				65C077162A5BF4A7003E6D92 /* KeyChainAccount.swift */,
				65C077182A5BF4C7003E6D92 /* KeyChainError.swift */,
			);
			path = KeyChain;
			sourceTree = "<group>";
		};
		65C077132A5BF2FA003E6D92 /* Firebase */ = {
			isa = PBXGroup;
			children = (
				65C076FE2A5A7F2A003E6D92 /* FirebaseService.swift */,
				65C076FC2A5A7F1F003E6D92 /* FirebaseError.swift */,
			);
			path = Firebase;
			sourceTree = "<group>";
		};
		65C077352A5FF232003E6D92 /* UserDefaults */ = {
			isa = PBXGroup;
			children = (
				65C077362A5FF247003E6D92 /* UserDefaultsSetting.swift */,
				65C077382A5FF255003E6D92 /* UserDefaultsWrapper.swift */,
			);
			path = UserDefaults;
			sourceTree = "<group>";
		};
		65C0773A2A611521003E6D92 /* Album */ = {
			isa = PBXGroup;
			children = (
				65C0773F2A611C31003E6D92 /* Layouts */,
				65C0773D2A611763003E6D92 /* AlbumFeedView.swift */,
				65C077522A640CF9003E6D92 /* AlbumDetailView.swift */,
			);
			path = Album;
			sourceTree = "<group>";
		};
		65C0773F2A611C31003E6D92 /* Layouts */ = {
			isa = PBXGroup;
			children = (
				65C077502A616874003E6D92 /* GalleryLayout.swift */,
				65C077462A611D29003E6D92 /* FirstFeedLayout.swift */,
				65C0774A2A611D46003E6D92 /* SecondFeedLayout.swift */,
			);
			path = Layouts;
			sourceTree = "<group>";
		};
		D575D8262A67EB470036BE7D /* NotiChildView */ = {
			isa = PBXGroup;
			children = (
				D5A77E0E2A66AD86000D8F4E /* NoticardView.swift */,
				D5A77E0C2A66AD40000D8F4E /* NotificationView.swift */,
				D5A77E102A66AD97000D8F4E /* EmptyNotificationView.swift */,
			);
			path = NotiChildView;
			sourceTree = "<group>";
		};
		D5A77DDA2A66A991000D8F4E /* CaesarComponents */ = {
			isa = PBXGroup;
			children = (
				D5A77DDD2A66AA01000D8F4E /* View */,
				D5A77DDC2A66A9F2000D8F4E /* Model */,
				D5A77DDB2A66A9EA000D8F4E /* Component */,
			);
			path = CaesarComponents;
			sourceTree = "<group>";
		};
		D5A77DDB2A66A9EA000D8F4E /* Component */ = {
			isa = PBXGroup;
			children = (
				D5A77DDE2A66AA1D000D8F4E /* TextFieldModifier.swift */,
				D5A77DE22A66AA45000D8F4E /* CardViewModifier.swift */,
				D5A77DE42A66AA6C000D8F4E /* EditProfileRowView.swift */,
				D5A77DE62A66AA7E000D8F4E /* FoxCardView.swift */,
				D5A77DE82A66AA93000D8F4E /* BackToolBarModifier.swift */,
				D5A77DEC2A66AAC0000D8F4E /* GrayTitleMakingView.swift */,
				D5A77DEE2A66AAD4000D8F4E /* FindFriendContents.swift */,
				D5A77E1A2A66B6ED000D8F4E /* NotiCardContentsView.swift */,
			);
			path = Component;
			sourceTree = "<group>";
		};
		D5A77DDC2A66A9F2000D8F4E /* Model */ = {
			isa = PBXGroup;
			children = (
				D5A77DF42A66AB0E000D8F4E /* MockupDataModel */,
				D5A77DF02A66AAEB000D8F4E /* ColorModel.swift */,
				D5A77DF22A66AAFD000D8F4E /* ScreenModel.swift */,
				D5A77DE02A66AA2D000D8F4E /* Font.swift */,
			);
			path = Model;
			sourceTree = "<group>";
		};
		D5A77DDD2A66AA01000D8F4E /* View */ = {
			isa = PBXGroup;
			children = (
				D5A77DFE2A66AC3E000D8F4E /* Root */,
				D5A77DFF2A66AC50000D8F4E /* PersonalSetting */,
				D5A77DFD2A66AC38000D8F4E /* Role */,
				D5A77DFC2A66AC2F000D8F4E /* Notification */,
				D5A77DFB2A66AC22000D8F4E /* NewAlbum */,
			);
			path = View;
			sourceTree = "<group>";
		};
		D5A77DF42A66AB0E000D8F4E /* MockupDataModel */ = {
			isa = PBXGroup;
			children = (
				D5A77DF52A66AB26000D8F4E /* SubUser.swift */,
				D5A77DF72A66AB39000D8F4E /* Fox.swift */,
				D5A77DF92A66AB47000D8F4E /* Travel.swift */,
			);
			path = MockupDataModel;
			sourceTree = "<group>";
		};
		D5A77DFB2A66AC22000D8F4E /* NewAlbum */ = {
			isa = PBXGroup;
			children = (
				D5A77E122A66ADA9000D8F4E /* NewAlbumView.swift */,
				D5A77E142A66ADBD000D8F4E /* AlbumRoleSelectView.swift */,
				D5A77E162A66ADCD000D8F4E /* FindFriendView.swift */,
			);
			path = NewAlbum;
			sourceTree = "<group>";
		};
		D5A77DFC2A66AC2F000D8F4E /* Notification */ = {
			isa = PBXGroup;
			children = (
				D575D8262A67EB470036BE7D /* NotiChildView */,
				D575D8292A67EB760036BE7D /* NotiView.swift */,
			);
			path = Notification;
			sourceTree = "<group>";
		};
		D5A77DFD2A66AC38000D8F4E /* Role */ = {
			isa = PBXGroup;
			children = (
				6556C3EB2A68FEED00B4EEE1 /* InvitationChildView */,
				D5A77E182A66B696000D8F4E /* InvitationView.swift */,
				D5A77E082A66AD1D000D8F4E /* RoleSelectView.swift */,
				D5A77E0A2A66AD2D000D8F4E /* RoleChangeView.swift */,
			);
			path = Role;
			sourceTree = "<group>";
		};
		D5A77DFE2A66AC3E000D8F4E /* Root */ = {
			isa = PBXGroup;
			children = (
				D5A77E042A66ACFD000D8F4E /* DemoMainView.swift */,
			);
			path = Root;
			sourceTree = "<group>";
		};
		D5A77DFF2A66AC50000D8F4E /* PersonalSetting */ = {
			isa = PBXGroup;
			children = (
				D5A77E002A66AC6B000D8F4E /* SettingView.swift */,
				D5A77E022A66ACE7000D8F4E /* ProfileSettingView.swift */,
			);
			path = PersonalSetting;
			sourceTree = "<group>";
		};
/* End PBXGroup section */

/* Begin PBXNativeTarget section */
		65C076822A56F949003E6D92 /* Yeowoo */ = {
			isa = PBXNativeTarget;
			buildConfigurationList = 65C076A72A56F94B003E6D92 /* Build configuration list for PBXNativeTarget "Yeowoo" */;
			buildPhases = (
				65C0767F2A56F949003E6D92 /* Sources */,
				65C076802A56F949003E6D92 /* Frameworks */,
				65C076812A56F949003E6D92 /* Resources */,
			);
			buildRules = (
			);
			dependencies = (
			);
			name = Yeowoo;
			packageProductDependencies = (
				65C076BA2A571151003E6D92 /* FirebaseAuth */,
				65C076BC2A571151003E6D92 /* FirebaseDatabase */,
				65C076BE2A571151003E6D92 /* FirebaseDatabaseSwift */,
				65C076C02A571151003E6D92 /* FirebaseDynamicLinks */,
				65C076C22A571151003E6D92 /* FirebaseFirestore */,
				65C076C42A571151003E6D92 /* FirebaseFirestoreSwift */,
				65C076C62A571151003E6D92 /* FirebaseFunctions */,
				65C076C82A571151003E6D92 /* FirebaseMessaging */,
				65C076CA2A571151003E6D92 /* FirebaseStorage */,
			);
			productName = Yeowoo;
			productReference = 65C076832A56F949003E6D92 /* Yeowoo.app */;
			productType = "com.apple.product-type.application";
		};
		65C076922A56F94B003E6D92 /* YeowooTests */ = {
			isa = PBXNativeTarget;
			buildConfigurationList = 65C076AA2A56F94B003E6D92 /* Build configuration list for PBXNativeTarget "YeowooTests" */;
			buildPhases = (
				65C0768F2A56F94B003E6D92 /* Sources */,
				65C076902A56F94B003E6D92 /* Frameworks */,
				65C076912A56F94B003E6D92 /* Resources */,
			);
			buildRules = (
			);
			dependencies = (
				65C076952A56F94B003E6D92 /* PBXTargetDependency */,
			);
			name = YeowooTests;
			productName = YeowooTests;
			productReference = 65C076932A56F94B003E6D92 /* YeowooTests.xctest */;
			productType = "com.apple.product-type.bundle.unit-test";
		};
		65C0769C2A56F94B003E6D92 /* YeowooUITests */ = {
			isa = PBXNativeTarget;
			buildConfigurationList = 65C076AD2A56F94B003E6D92 /* Build configuration list for PBXNativeTarget "YeowooUITests" */;
			buildPhases = (
				65C076992A56F94B003E6D92 /* Sources */,
				65C0769A2A56F94B003E6D92 /* Frameworks */,
				65C0769B2A56F94B003E6D92 /* Resources */,
			);
			buildRules = (
			);
			dependencies = (
				65C0769F2A56F94B003E6D92 /* PBXTargetDependency */,
			);
			name = YeowooUITests;
			productName = YeowooUITests;
			productReference = 65C0769D2A56F94B003E6D92 /* YeowooUITests.xctest */;
			productType = "com.apple.product-type.bundle.ui-testing";
		};
/* End PBXNativeTarget section */

/* Begin PBXProject section */
		65C0767B2A56F949003E6D92 /* Project object */ = {
			isa = PBXProject;
			attributes = {
				BuildIndependentTargetsInParallel = 1;
				LastSwiftUpdateCheck = 1430;
				LastUpgradeCheck = 1430;
				TargetAttributes = {
					65C076822A56F949003E6D92 = {
						CreatedOnToolsVersion = 14.3;
					};
					65C076922A56F94B003E6D92 = {
						CreatedOnToolsVersion = 14.3;
						TestTargetID = 65C076822A56F949003E6D92;
					};
					65C0769C2A56F94B003E6D92 = {
						CreatedOnToolsVersion = 14.3;
						TestTargetID = 65C076822A56F949003E6D92;
					};
				};
			};
			buildConfigurationList = 65C0767E2A56F949003E6D92 /* Build configuration list for PBXProject "Yeowoo" */;
			compatibilityVersion = "Xcode 14.0";
			developmentRegion = en;
			hasScannedForEncodings = 0;
			knownRegions = (
				en,
				Base,
			);
			mainGroup = 65C0767A2A56F949003E6D92;
			packageReferences = (
				65C076B92A571151003E6D92 /* XCRemoteSwiftPackageReference "firebase-ios-sdk" */,
			);
			productRefGroup = 65C076842A56F949003E6D92 /* Products */;
			projectDirPath = "";
			projectRoot = "";
			targets = (
				65C076822A56F949003E6D92 /* Yeowoo */,
				65C076922A56F94B003E6D92 /* YeowooTests */,
				65C0769C2A56F94B003E6D92 /* YeowooUITests */,
			);
		};
/* End PBXProject section */

/* Begin PBXResourcesBuildPhase section */
		65C076812A56F949003E6D92 /* Resources */ = {
			isa = PBXResourcesBuildPhase;
			buildActionMask = 2147483647;
			files = (
				65C0768E2A56F94B003E6D92 /* Preview Assets.xcassets in Resources */,
				65C0768B2A56F94B003E6D92 /* Assets.xcassets in Resources */,
				65C0770D2A5BD443003E6D92 /* GoogleService-Info.plist in Resources */,
			);
			runOnlyForDeploymentPostprocessing = 0;
		};
		65C076912A56F94B003E6D92 /* Resources */ = {
			isa = PBXResourcesBuildPhase;
			buildActionMask = 2147483647;
			files = (
			);
			runOnlyForDeploymentPostprocessing = 0;
		};
		65C0769B2A56F94B003E6D92 /* Resources */ = {
			isa = PBXResourcesBuildPhase;
			buildActionMask = 2147483647;
			files = (
			);
			runOnlyForDeploymentPostprocessing = 0;
		};
/* End PBXResourcesBuildPhase section */

/* Begin PBXSourcesBuildPhase section */
		65C0767F2A56F949003E6D92 /* Sources */ = {
			isa = PBXSourcesBuildPhase;
			buildActionMask = 2147483647;
			files = (
				D5A77DF62A66AB26000D8F4E /* SubUser.swift in Sources */,
				D5A77E112A66AD97000D8F4E /* EmptyNotificationView.swift in Sources */,
				106475242A6537FD0092FE5B /* TravelLabel.swift in Sources */,
				65C077392A5FF255003E6D92 /* UserDefaultsWrapper.swift in Sources */,
				D5A77E012A66AC6B000D8F4E /* SettingView.swift in Sources */,
				106475262A6539E40092FE5B /* PlusPerson.swift in Sources */,
				10CB96DE2A64044000C08DBC /* RoleButton.swift in Sources */,
				1064752A2A65691E0092FE5B /* TapePicture.swift in Sources */,
				10CB96D82A64028C00C08DBC /* WriteTextView.swift in Sources */,
				10CB96D62A63FF7800C08DBC /* CameraViewModel.swift in Sources */,
				65C077342A5FE55B003E6D92 /* AppDelegate.swift in Sources */,
				F37DA9A42A63C2180020603E /* LoginCoverView.swift in Sources */,
				F33453742A645F8A0031A22C /* SignUpView.swift in Sources */,
				65C077372A5FF248003E6D92 /* UserDefaultsSetting.swift in Sources */,
				F37DA9A22A63C1D70020603E /* LoginView.swift in Sources */,
				65C0774B2A611D46003E6D92 /* SecondFeedLayout.swift in Sources */,
				65C077192A5BF4C7003E6D92 /* KeyChainError.swift in Sources */,
				D5A77DE52A66AA6C000D8F4E /* EditProfileRowView.swift in Sources */,
				D5A77DF32A66AAFD000D8F4E /* ScreenModel.swift in Sources */,
				D5A77E1B2A66B6ED000D8F4E /* NotiCardContentsView.swift in Sources */,
				D5A77E0D2A66AD40000D8F4E /* NotificationView.swift in Sources */,
				D5A77E032A66ACE7000D8F4E /* ProfileSettingView.swift in Sources */,
				D5A77DDF2A66AA1D000D8F4E /* TextFieldModifier.swift in Sources */,
				D5A77DF82A66AB39000D8F4E /* Fox.swift in Sources */,
				D5A77E092A66AD1D000D8F4E /* RoleSelectView.swift in Sources */,
				D5A77E0F2A66AD86000D8F4E /* NoticardView.swift in Sources */,
				D5A77DED2A66AAC0000D8F4E /* GrayTitleMakingView.swift in Sources */,
				D5A77E152A66ADBD000D8F4E /* AlbumRoleSelectView.swift in Sources */,
				65C077172A5BF4A7003E6D92 /* KeyChainAccount.swift in Sources */,
				D5A77DF12A66AAEB000D8F4E /* ColorModel.swift in Sources */,
				6556C3ED2A68FEFD00B4EEE1 /* MultiInvitationView.swift in Sources */,
				65C0774D2A612C92003E6D92 /* Album.swift in Sources */,
				65C0774F2A612EF5003E6D92 /* AlbumViewModel.swift in Sources */,
				1049B7F32A63F8FF0021F674 /* UIScreen+.swift in Sources */,
				65C077192A5BF4C7003E6D92 /* KeyChainError.swift in Sources */,
				106475212A6536D70092FE5B /* AlbumLayout.swift in Sources */,
				1049B7F12A63F8BA0021F674 /* Font+.swift in Sources */,
				65C077172A5BF4A7003E6D92 /* KeyChainAccount.swift in Sources */,
				10CC160D2A64452300B27955 /* Buttons.swift in Sources */,
				106475182A6529E40092FE5B /* MainView.swift in Sources */,
				1064751A2A65331D0092FE5B /* NoAlbumLayout.swift in Sources */,
				10CB96DA2A6403D600C08DBC /* EditView.swift in Sources */,
				10CB96D42A63FDF000C08DBC /* FeatureButton.swift in Sources */,
				1064751C2A6534FC0092FE5B /* MainViewModel.swift in Sources */,
				1049B7FB2A63FA670021F674 /* CameraButtonView.swift in Sources */,
				6556C3F72A6BA82B00B4EEE1 /* View+.swift in Sources */,
				65C076FD2A5A7F1F003E6D92 /* FirebaseError.swift in Sources */,
				65C077472A611D29003E6D92 /* FirstFeedLayout.swift in Sources */,
				65C077512A616874003E6D92 /* GalleryLayout.swift in Sources */,
				65C0773E2A611763003E6D92 /* AlbumFeedView.swift in Sources */,
				65C076892A56F949003E6D92 /* ContentView.swift in Sources */,
				6556C3EF2A68FF0C00B4EEE1 /* TwoInvitationView.swift in Sources */,
				65C077532A640CF9003E6D92 /* AlbumDetailView.swift in Sources */,
				65264BDC2A67C7BD009963E6 /* String+.swift in Sources */,
				65C0770F2A5BDACF003E6D92 /* User.swift in Sources */,
				65C076FF2A5A7F2A003E6D92 /* FirebaseService.swift in Sources */,
				D5A77DE32A66AA45000D8F4E /* CardViewModifier.swift in Sources */,
				D5A77DE12A66AA2D000D8F4E /* Font.swift in Sources */,
				D5A77DFA2A66AB47000D8F4E /* Travel.swift in Sources */,
				65C077152A5BF322003E6D92 /* KeyChainManager.swift in Sources */,
				D5A77E132A66ADA9000D8F4E /* NewAlbumView.swift in Sources */,
				10CB96DC2A64042A00C08DBC /* RoleView.swift in Sources */,
				65C0770F2A5BDACF003E6D92 /* User.swift in Sources */,
				65C076FF2A5A7F2A003E6D92 /* FirebaseService.swift in Sources */,
				65C077152A5BF322003E6D92 /* KeyChainManager.swift in Sources */,
				1064752C2A656A170092FE5B /* DoneTravelLayout.swift in Sources */,
				106475282A653A1D0092FE5B /* Person.swift in Sources */,
				106475302A656DFB0092FE5B /* BeforeTravelLayout.swift in Sources */,
				105F5DD92A68FFFE002E34CD /* MainModel.swift in Sources */,
				65C076872A56F949003E6D92 /* YeowooApp.swift in Sources */,
				D5A77DE72A66AA7E000D8F4E /* FoxCardView.swift in Sources */,
				D5A77E172A66ADCD000D8F4E /* FindFriendView.swift in Sources */,
				D5A77E0B2A66AD2D000D8F4E /* RoleChangeView.swift in Sources */,
				6556C3F52A6A509E00B4EEE1 /* AuthViewModel.swift in Sources */,
				D5A77E052A66ACFD000D8F4E /* DemoMainView.swift in Sources */,
				D5A77DE92A66AA93000D8F4E /* BackToolBarModifier.swift in Sources */,
				D5A77DEF2A66AAD4000D8F4E /* FindFriendContents.swift in Sources */,
				D5A77E192A66B696000D8F4E /* InvitationView.swift in Sources */,
				1064752E2A656BB20092FE5B /* RecommendLayout.swift in Sources */,
			);
			runOnlyForDeploymentPostprocessing = 0;
		};
		65C0768F2A56F94B003E6D92 /* Sources */ = {
			isa = PBXSourcesBuildPhase;
			buildActionMask = 2147483647;
			files = (
				65C076982A56F94B003E6D92 /* YeowooTests.swift in Sources */,
			);
			runOnlyForDeploymentPostprocessing = 0;
		};
		65C076992A56F94B003E6D92 /* Sources */ = {
			isa = PBXSourcesBuildPhase;
			buildActionMask = 2147483647;
			files = (
				65C076A42A56F94B003E6D92 /* YeowooUITestsLaunchTests.swift in Sources */,
				65C076A22A56F94B003E6D92 /* YeowooUITests.swift in Sources */,
			);
			runOnlyForDeploymentPostprocessing = 0;
		};
/* End PBXSourcesBuildPhase section */

/* Begin PBXTargetDependency section */
		65C076952A56F94B003E6D92 /* PBXTargetDependency */ = {
			isa = PBXTargetDependency;
			target = 65C076822A56F949003E6D92 /* Yeowoo */;
			targetProxy = 65C076942A56F94B003E6D92 /* PBXContainerItemProxy */;
		};
		65C0769F2A56F94B003E6D92 /* PBXTargetDependency */ = {
			isa = PBXTargetDependency;
			target = 65C076822A56F949003E6D92 /* Yeowoo */;
			targetProxy = 65C0769E2A56F94B003E6D92 /* PBXContainerItemProxy */;
		};
/* End PBXTargetDependency section */

/* Begin XCBuildConfiguration section */
		65C076A52A56F94B003E6D92 /* Debug */ = {
			isa = XCBuildConfiguration;
			buildSettings = {
				ALWAYS_SEARCH_USER_PATHS = NO;
				CLANG_ANALYZER_NONNULL = YES;
				CLANG_ANALYZER_NUMBER_OBJECT_CONVERSION = YES_AGGRESSIVE;
				CLANG_CXX_LANGUAGE_STANDARD = "gnu++20";
				CLANG_ENABLE_MODULES = YES;
				CLANG_ENABLE_OBJC_ARC = YES;
				CLANG_ENABLE_OBJC_WEAK = YES;
				CLANG_WARN_BLOCK_CAPTURE_AUTORELEASING = YES;
				CLANG_WARN_BOOL_CONVERSION = YES;
				CLANG_WARN_COMMA = YES;
				CLANG_WARN_CONSTANT_CONVERSION = YES;
				CLANG_WARN_DEPRECATED_OBJC_IMPLEMENTATIONS = YES;
				CLANG_WARN_DIRECT_OBJC_ISA_USAGE = YES_ERROR;
				CLANG_WARN_DOCUMENTATION_COMMENTS = YES;
				CLANG_WARN_EMPTY_BODY = YES;
				CLANG_WARN_ENUM_CONVERSION = YES;
				CLANG_WARN_INFINITE_RECURSION = YES;
				CLANG_WARN_INT_CONVERSION = YES;
				CLANG_WARN_NON_LITERAL_NULL_CONVERSION = YES;
				CLANG_WARN_OBJC_IMPLICIT_RETAIN_SELF = YES;
				CLANG_WARN_OBJC_LITERAL_CONVERSION = YES;
				CLANG_WARN_OBJC_ROOT_CLASS = YES_ERROR;
				CLANG_WARN_QUOTED_INCLUDE_IN_FRAMEWORK_HEADER = YES;
				CLANG_WARN_RANGE_LOOP_ANALYSIS = YES;
				CLANG_WARN_STRICT_PROTOTYPES = YES;
				CLANG_WARN_SUSPICIOUS_MOVE = YES;
				CLANG_WARN_UNGUARDED_AVAILABILITY = YES_AGGRESSIVE;
				CLANG_WARN_UNREACHABLE_CODE = YES;
				CLANG_WARN__DUPLICATE_METHOD_MATCH = YES;
				COPY_PHASE_STRIP = NO;
				DEBUG_INFORMATION_FORMAT = dwarf;
				ENABLE_STRICT_OBJC_MSGSEND = YES;
				ENABLE_TESTABILITY = YES;
				GCC_C_LANGUAGE_STANDARD = gnu11;
				GCC_DYNAMIC_NO_PIC = NO;
				GCC_NO_COMMON_BLOCKS = YES;
				GCC_OPTIMIZATION_LEVEL = 0;
				GCC_PREPROCESSOR_DEFINITIONS = (
					"DEBUG=1",
					"$(inherited)",
				);
				GCC_WARN_64_TO_32_BIT_CONVERSION = YES;
				GCC_WARN_ABOUT_RETURN_TYPE = YES_ERROR;
				GCC_WARN_UNDECLARED_SELECTOR = YES;
				GCC_WARN_UNINITIALIZED_AUTOS = YES_AGGRESSIVE;
				GCC_WARN_UNUSED_FUNCTION = YES;
				GCC_WARN_UNUSED_VARIABLE = YES;
				IPHONEOS_DEPLOYMENT_TARGET = 16.0;
				MTL_ENABLE_DEBUG_INFO = INCLUDE_SOURCE;
				MTL_FAST_MATH = YES;
				ONLY_ACTIVE_ARCH = YES;
				SDKROOT = iphoneos;
				SWIFT_ACTIVE_COMPILATION_CONDITIONS = DEBUG;
				SWIFT_OPTIMIZATION_LEVEL = "-Onone";
			};
			name = Debug;
		};
		65C076A62A56F94B003E6D92 /* Release */ = {
			isa = XCBuildConfiguration;
			buildSettings = {
				ALWAYS_SEARCH_USER_PATHS = NO;
				CLANG_ANALYZER_NONNULL = YES;
				CLANG_ANALYZER_NUMBER_OBJECT_CONVERSION = YES_AGGRESSIVE;
				CLANG_CXX_LANGUAGE_STANDARD = "gnu++20";
				CLANG_ENABLE_MODULES = YES;
				CLANG_ENABLE_OBJC_ARC = YES;
				CLANG_ENABLE_OBJC_WEAK = YES;
				CLANG_WARN_BLOCK_CAPTURE_AUTORELEASING = YES;
				CLANG_WARN_BOOL_CONVERSION = YES;
				CLANG_WARN_COMMA = YES;
				CLANG_WARN_CONSTANT_CONVERSION = YES;
				CLANG_WARN_DEPRECATED_OBJC_IMPLEMENTATIONS = YES;
				CLANG_WARN_DIRECT_OBJC_ISA_USAGE = YES_ERROR;
				CLANG_WARN_DOCUMENTATION_COMMENTS = YES;
				CLANG_WARN_EMPTY_BODY = YES;
				CLANG_WARN_ENUM_CONVERSION = YES;
				CLANG_WARN_INFINITE_RECURSION = YES;
				CLANG_WARN_INT_CONVERSION = YES;
				CLANG_WARN_NON_LITERAL_NULL_CONVERSION = YES;
				CLANG_WARN_OBJC_IMPLICIT_RETAIN_SELF = YES;
				CLANG_WARN_OBJC_LITERAL_CONVERSION = YES;
				CLANG_WARN_OBJC_ROOT_CLASS = YES_ERROR;
				CLANG_WARN_QUOTED_INCLUDE_IN_FRAMEWORK_HEADER = YES;
				CLANG_WARN_RANGE_LOOP_ANALYSIS = YES;
				CLANG_WARN_STRICT_PROTOTYPES = YES;
				CLANG_WARN_SUSPICIOUS_MOVE = YES;
				CLANG_WARN_UNGUARDED_AVAILABILITY = YES_AGGRESSIVE;
				CLANG_WARN_UNREACHABLE_CODE = YES;
				CLANG_WARN__DUPLICATE_METHOD_MATCH = YES;
				COPY_PHASE_STRIP = NO;
				DEBUG_INFORMATION_FORMAT = "dwarf-with-dsym";
				ENABLE_NS_ASSERTIONS = NO;
				ENABLE_STRICT_OBJC_MSGSEND = YES;
				GCC_C_LANGUAGE_STANDARD = gnu11;
				GCC_NO_COMMON_BLOCKS = YES;
				GCC_WARN_64_TO_32_BIT_CONVERSION = YES;
				GCC_WARN_ABOUT_RETURN_TYPE = YES_ERROR;
				GCC_WARN_UNDECLARED_SELECTOR = YES;
				GCC_WARN_UNINITIALIZED_AUTOS = YES_AGGRESSIVE;
				GCC_WARN_UNUSED_FUNCTION = YES;
				GCC_WARN_UNUSED_VARIABLE = YES;
				IPHONEOS_DEPLOYMENT_TARGET = 16.0;
				MTL_ENABLE_DEBUG_INFO = NO;
				MTL_FAST_MATH = YES;
				SDKROOT = iphoneos;
				SWIFT_COMPILATION_MODE = wholemodule;
				SWIFT_OPTIMIZATION_LEVEL = "-O";
				VALIDATE_PRODUCT = YES;
			};
			name = Release;
		};
		65C076A82A56F94B003E6D92 /* Debug */ = {
			isa = XCBuildConfiguration;
			buildSettings = {
				ASSETCATALOG_COMPILER_APPICON_NAME = AppIcon;
				ASSETCATALOG_COMPILER_GLOBAL_ACCENT_COLOR_NAME = AccentColor;
				CODE_SIGN_ENTITLEMENTS = Yeowoo/Yeowoo.entitlements;
				CODE_SIGN_STYLE = Automatic;
				CURRENT_PROJECT_VERSION = 1;
				DEVELOPMENT_ASSET_PATHS = "\"Yeowoo/Preview Content\"";
				DEVELOPMENT_TEAM = 33F2H2TBU4;
				ENABLE_PREVIEWS = YES;
				GENERATE_INFOPLIST_FILE = YES;
				INFOPLIST_FILE = Yeowoo/Info.plist;
				INFOPLIST_KEY_NSCameraUsageDescription = "카메라 사용 권한";
				INFOPLIST_KEY_NSPhotoLibraryUsageDescription = "앨범 사용 권한";
				INFOPLIST_KEY_UIApplicationSceneManifest_Generation = YES;
				INFOPLIST_KEY_UIApplicationSupportsIndirectInputEvents = YES;
				INFOPLIST_KEY_UILaunchScreen_Generation = YES;
				INFOPLIST_KEY_UISupportedInterfaceOrientations_iPad = "UIInterfaceOrientationPortrait UIInterfaceOrientationPortraitUpsideDown UIInterfaceOrientationLandscapeLeft UIInterfaceOrientationLandscapeRight";
				INFOPLIST_KEY_UISupportedInterfaceOrientations_iPhone = "UIInterfaceOrientationPortrait UIInterfaceOrientationLandscapeLeft UIInterfaceOrientationLandscapeRight";
				IPHONEOS_DEPLOYMENT_TARGET = 16.0;
				LD_RUNPATH_SEARCH_PATHS = (
					"$(inherited)",
					"@executable_path/Frameworks",
				);
				MARKETING_VERSION = 1.0;
				PRODUCT_BUNDLE_IDENTIFIER = Hoiseong.Chung;
				PRODUCT_NAME = "$(TARGET_NAME)";
				SWIFT_EMIT_LOC_STRINGS = YES;
				SWIFT_VERSION = 5.0;
				TARGETED_DEVICE_FAMILY = "1,2";
			};
			name = Debug;
		};
		65C076A92A56F94B003E6D92 /* Release */ = {
			isa = XCBuildConfiguration;
			buildSettings = {
				ASSETCATALOG_COMPILER_APPICON_NAME = AppIcon;
				ASSETCATALOG_COMPILER_GLOBAL_ACCENT_COLOR_NAME = AccentColor;
				CODE_SIGN_ENTITLEMENTS = Yeowoo/Yeowoo.entitlements;
				CODE_SIGN_STYLE = Automatic;
				CURRENT_PROJECT_VERSION = 1;
				DEVELOPMENT_ASSET_PATHS = "\"Yeowoo/Preview Content\"";
				DEVELOPMENT_TEAM = 33F2H2TBU4;
				ENABLE_PREVIEWS = YES;
				GENERATE_INFOPLIST_FILE = YES;
				INFOPLIST_FILE = Yeowoo/Info.plist;
				INFOPLIST_KEY_NSCameraUsageDescription = "카메라 사용 권한";
				INFOPLIST_KEY_NSPhotoLibraryUsageDescription = "앨범 사용 권한";
				INFOPLIST_KEY_UIApplicationSceneManifest_Generation = YES;
				INFOPLIST_KEY_UIApplicationSupportsIndirectInputEvents = YES;
				INFOPLIST_KEY_UILaunchScreen_Generation = YES;
				INFOPLIST_KEY_UISupportedInterfaceOrientations_iPad = "UIInterfaceOrientationPortrait UIInterfaceOrientationPortraitUpsideDown UIInterfaceOrientationLandscapeLeft UIInterfaceOrientationLandscapeRight";
				INFOPLIST_KEY_UISupportedInterfaceOrientations_iPhone = "UIInterfaceOrientationPortrait UIInterfaceOrientationLandscapeLeft UIInterfaceOrientationLandscapeRight";
				IPHONEOS_DEPLOYMENT_TARGET = 16.0;
				LD_RUNPATH_SEARCH_PATHS = (
					"$(inherited)",
					"@executable_path/Frameworks",
				);
				MARKETING_VERSION = 1.0;
				PRODUCT_BUNDLE_IDENTIFIER = Hoiseong.Chung;
				PRODUCT_NAME = "$(TARGET_NAME)";
				SWIFT_EMIT_LOC_STRINGS = YES;
				SWIFT_VERSION = 5.0;
				TARGETED_DEVICE_FAMILY = "1,2";
			};
			name = Release;
		};
		65C076AB2A56F94B003E6D92 /* Debug */ = {
			isa = XCBuildConfiguration;
			buildSettings = {
				ALWAYS_EMBED_SWIFT_STANDARD_LIBRARIES = YES;
				BUNDLE_LOADER = "$(TEST_HOST)";
				CODE_SIGN_STYLE = Automatic;
				CURRENT_PROJECT_VERSION = 1;
				GENERATE_INFOPLIST_FILE = YES;
				IPHONEOS_DEPLOYMENT_TARGET = 16.4;
				MARKETING_VERSION = 1.0;
				PRODUCT_BUNDLE_IDENTIFIER = ungchun.YeowooTests;
				PRODUCT_NAME = "$(TARGET_NAME)";
				SWIFT_EMIT_LOC_STRINGS = NO;
				SWIFT_VERSION = 5.0;
				TARGETED_DEVICE_FAMILY = "1,2";
				TEST_HOST = "$(BUILT_PRODUCTS_DIR)/Yeowoo.app/$(BUNDLE_EXECUTABLE_FOLDER_PATH)/Yeowoo";
			};
			name = Debug;
		};
		65C076AC2A56F94B003E6D92 /* Release */ = {
			isa = XCBuildConfiguration;
			buildSettings = {
				ALWAYS_EMBED_SWIFT_STANDARD_LIBRARIES = YES;
				BUNDLE_LOADER = "$(TEST_HOST)";
				CODE_SIGN_STYLE = Automatic;
				CURRENT_PROJECT_VERSION = 1;
				GENERATE_INFOPLIST_FILE = YES;
				IPHONEOS_DEPLOYMENT_TARGET = 16.4;
				MARKETING_VERSION = 1.0;
				PRODUCT_BUNDLE_IDENTIFIER = ungchun.YeowooTests;
				PRODUCT_NAME = "$(TARGET_NAME)";
				SWIFT_EMIT_LOC_STRINGS = NO;
				SWIFT_VERSION = 5.0;
				TARGETED_DEVICE_FAMILY = "1,2";
				TEST_HOST = "$(BUILT_PRODUCTS_DIR)/Yeowoo.app/$(BUNDLE_EXECUTABLE_FOLDER_PATH)/Yeowoo";
			};
			name = Release;
		};
		65C076AE2A56F94B003E6D92 /* Debug */ = {
			isa = XCBuildConfiguration;
			buildSettings = {
				ALWAYS_EMBED_SWIFT_STANDARD_LIBRARIES = YES;
				CODE_SIGN_STYLE = Automatic;
				CURRENT_PROJECT_VERSION = 1;
				GENERATE_INFOPLIST_FILE = YES;
				MARKETING_VERSION = 1.0;
				PRODUCT_BUNDLE_IDENTIFIER = ungchun.YeowooUITests;
				PRODUCT_NAME = "$(TARGET_NAME)";
				SWIFT_EMIT_LOC_STRINGS = NO;
				SWIFT_VERSION = 5.0;
				TARGETED_DEVICE_FAMILY = "1,2";
				TEST_TARGET_NAME = Yeowoo;
			};
			name = Debug;
		};
		65C076AF2A56F94B003E6D92 /* Release */ = {
			isa = XCBuildConfiguration;
			buildSettings = {
				ALWAYS_EMBED_SWIFT_STANDARD_LIBRARIES = YES;
				CODE_SIGN_STYLE = Automatic;
				CURRENT_PROJECT_VERSION = 1;
				GENERATE_INFOPLIST_FILE = YES;
				MARKETING_VERSION = 1.0;
				PRODUCT_BUNDLE_IDENTIFIER = ungchun.YeowooUITests;
				PRODUCT_NAME = "$(TARGET_NAME)";
				SWIFT_EMIT_LOC_STRINGS = NO;
				SWIFT_VERSION = 5.0;
				TARGETED_DEVICE_FAMILY = "1,2";
				TEST_TARGET_NAME = Yeowoo;
			};
			name = Release;
		};
/* End XCBuildConfiguration section */

/* Begin XCConfigurationList section */
		65C0767E2A56F949003E6D92 /* Build configuration list for PBXProject "Yeowoo" */ = {
			isa = XCConfigurationList;
			buildConfigurations = (
				65C076A52A56F94B003E6D92 /* Debug */,
				65C076A62A56F94B003E6D92 /* Release */,
			);
			defaultConfigurationIsVisible = 0;
			defaultConfigurationName = Release;
		};
		65C076A72A56F94B003E6D92 /* Build configuration list for PBXNativeTarget "Yeowoo" */ = {
			isa = XCConfigurationList;
			buildConfigurations = (
				65C076A82A56F94B003E6D92 /* Debug */,
				65C076A92A56F94B003E6D92 /* Release */,
			);
			defaultConfigurationIsVisible = 0;
			defaultConfigurationName = Release;
		};
		65C076AA2A56F94B003E6D92 /* Build configuration list for PBXNativeTarget "YeowooTests" */ = {
			isa = XCConfigurationList;
			buildConfigurations = (
				65C076AB2A56F94B003E6D92 /* Debug */,
				65C076AC2A56F94B003E6D92 /* Release */,
			);
			defaultConfigurationIsVisible = 0;
			defaultConfigurationName = Release;
		};
		65C076AD2A56F94B003E6D92 /* Build configuration list for PBXNativeTarget "YeowooUITests" */ = {
			isa = XCConfigurationList;
			buildConfigurations = (
				65C076AE2A56F94B003E6D92 /* Debug */,
				65C076AF2A56F94B003E6D92 /* Release */,
			);
			defaultConfigurationIsVisible = 0;
			defaultConfigurationName = Release;
		};
/* End XCConfigurationList section */

/* Begin XCRemoteSwiftPackageReference section */
		65C076B92A571151003E6D92 /* XCRemoteSwiftPackageReference "firebase-ios-sdk" */ = {
			isa = XCRemoteSwiftPackageReference;
			repositoryURL = "https://github.com/firebase/firebase-ios-sdk";
			requirement = {
				kind = upToNextMajorVersion;
				minimumVersion = 10.0.0;
			};
		};
/* End XCRemoteSwiftPackageReference section */

/* Begin XCSwiftPackageProductDependency section */
		65C076BA2A571151003E6D92 /* FirebaseAuth */ = {
			isa = XCSwiftPackageProductDependency;
			package = 65C076B92A571151003E6D92 /* XCRemoteSwiftPackageReference "firebase-ios-sdk" */;
			productName = FirebaseAuth;
		};
		65C076BC2A571151003E6D92 /* FirebaseDatabase */ = {
			isa = XCSwiftPackageProductDependency;
			package = 65C076B92A571151003E6D92 /* XCRemoteSwiftPackageReference "firebase-ios-sdk" */;
			productName = FirebaseDatabase;
		};
		65C076BE2A571151003E6D92 /* FirebaseDatabaseSwift */ = {
			isa = XCSwiftPackageProductDependency;
			package = 65C076B92A571151003E6D92 /* XCRemoteSwiftPackageReference "firebase-ios-sdk" */;
			productName = FirebaseDatabaseSwift;
		};
		65C076C02A571151003E6D92 /* FirebaseDynamicLinks */ = {
			isa = XCSwiftPackageProductDependency;
			package = 65C076B92A571151003E6D92 /* XCRemoteSwiftPackageReference "firebase-ios-sdk" */;
			productName = FirebaseDynamicLinks;
		};
		65C076C22A571151003E6D92 /* FirebaseFirestore */ = {
			isa = XCSwiftPackageProductDependency;
			package = 65C076B92A571151003E6D92 /* XCRemoteSwiftPackageReference "firebase-ios-sdk" */;
			productName = FirebaseFirestore;
		};
		65C076C42A571151003E6D92 /* FirebaseFirestoreSwift */ = {
			isa = XCSwiftPackageProductDependency;
			package = 65C076B92A571151003E6D92 /* XCRemoteSwiftPackageReference "firebase-ios-sdk" */;
			productName = FirebaseFirestoreSwift;
		};
		65C076C62A571151003E6D92 /* FirebaseFunctions */ = {
			isa = XCSwiftPackageProductDependency;
			package = 65C076B92A571151003E6D92 /* XCRemoteSwiftPackageReference "firebase-ios-sdk" */;
			productName = FirebaseFunctions;
		};
		65C076C82A571151003E6D92 /* FirebaseMessaging */ = {
			isa = XCSwiftPackageProductDependency;
			package = 65C076B92A571151003E6D92 /* XCRemoteSwiftPackageReference "firebase-ios-sdk" */;
			productName = FirebaseMessaging;
		};
		65C076CA2A571151003E6D92 /* FirebaseStorage */ = {
			isa = XCSwiftPackageProductDependency;
			package = 65C076B92A571151003E6D92 /* XCRemoteSwiftPackageReference "firebase-ios-sdk" */;
			productName = FirebaseStorage;
		};
/* End XCSwiftPackageProductDependency section */
	};
	rootObject = 65C0767B2A56F949003E6D92 /* Project object */;
}
